
Microsoft Visual Studio Solution File, Format Version 10.00
# Visual Studio 2008
Project("{8BC9CEB8-8B4A-11D0-8D11-00A0C91BC942}") = "glut_test", "glut_test.vcproj", "{19B4C26C-D263-453F-89E5-18A217BC6748}"
EndProject
Project("{8BC9CEB8-8B4A-11D0-8D11-00A0C91BC942}") = "test_lines", "..\glut_test\test_lines\test_lines.vcproj", "{7BB190FE-C938-4BCA-B1F4-4AE894A9371D}"
EndProject
Global
	GlobalSection(DPCodeReviewSolutionGUID) = preSolution
		DPCodeReviewSolutionGUID = {00000000-0000-0000-0000-000000000000}
	EndGlobalSection
	GlobalSection(SolutionConfigurationPlatforms) = preSolution
		Debug|Win32 = Debug|Win32
		Release|Win32 = Release|Win32
	EndGlobalSection
	GlobalSection(ProjectConfigurationPlatforms) = postSolution
		{19B4C26C-D263-453F-89E5-18A217BC6748}.Debug|Win32.ActiveCfg = Debug|Win32
		{19B4C26C-D263-453F-89E5-18A217BC6748}.Debug|Win32.Build.0 = Debug|Win32
		{19B4C26C-D263-453F-89E5-18A217BC6748}.Release|Win32.ActiveCfg = Release|Win32
		{19B4C26C-D263-453F-89E5-18A217BC6748}.Release|Win32.Build.0 = Release|Win32
		{7BB190FE-C938-4BCA-B1F4-4AE894A9371D}.Debug|Win32.ActiveCfg = Debug|Win32
		{7BB190FE-C938-4BCA-B1F4-4AE894A9371D}.Debug|Win32.Build.0 = Debug|Win32
		{7BB190FE-C938-4BCA-B1F4-4AE894A9371D}.Release|Win32.ActiveCfg = Release|Win32
		{7BB190FE-C938-4BCA-B1F4-4AE894A9371D}.Release|Win32.Build.0 = Release|Win32
	EndGlobalSection
	GlobalSection(SolutionProperties) = preSolution
		HideSolutionNode = FALSE
	EndGlobalSection
EndGlobal
