// !$*UTF8*$!
{
	archiveVersion = 1;
	classes = {
	};
	objectVersion = 42;
	objects = {

/* Begin PBXBuildFile section */
		E2BEAC9D12E20D1A004C439E /* los.cpp in Sources */ = {isa = PBXBuildFile; fileRef = E2BEAC9C12E20D1A004C439E /* los.cpp */; };
		E2BEACBA12E2196C004C439E /* guard.cpp in Sources */ = {isa = PBXBuildFile; fileRef = E2BEACB912E2196C004C439E /* guard.cpp */; };
		F3409E1612D81B6A005240F1 /* GLUT.framework in Frameworks */ = {isa = PBXBuildFile; fileRef = F3409E1512D81B6A005240F1 /* GLUT.framework */; };
		F3409E1812D81B6A005240F1 /* OpenGL.framework in Frameworks */ = {isa = PBXBuildFile; fileRef = F3409E1712D81B6A005240F1 /* OpenGL.framework */; };
		F3409E2112D81BB5005240F1 /* main.cpp in Sources */ = {isa = PBXBuildFile; fileRef = F3409E2012D81BB5005240F1 /* main.cpp */; };
		F367739512DCF55000367F02 /* zone.cpp in Sources */ = {isa = PBXBuildFile; fileRef = F367739412DCF55000367F02 /* zone.cpp */; };
		F367739812DCF5C400367F02 /* quadrant.cpp in Sources */ = {isa = PBXBuildFile; fileRef = F367739712DCF5C400367F02 /* quadrant.cpp */; };
		F367739B12DCF60600367F02 /* tiles.cpp in Sources */ = {isa = PBXBuildFile; fileRef = F367739A12DCF60600367F02 /* tiles.cpp */; };
		F36773A112DCF6BA00367F02 /* sprite_data.cpp in Sources */ = {isa = PBXBuildFile; fileRef = F36773A012DCF6BA00367F02 /* sprite_data.cpp */; };
		F3E35BA812D958C30078D65F /* sprite.cpp in Sources */ = {isa = PBXBuildFile; fileRef = F3E35BA712D958C30078D65F /* sprite.cpp */; };
		F3E35C3112D96F3F0078D65F /* input.cpp in Sources */ = {isa = PBXBuildFile; fileRef = F3E35C3012D96F3F0078D65F /* input.cpp */; };
		F3E35F6812DA4A0E0078D65F /* image_DXT.c in Sources */ = {isa = PBXBuildFile; fileRef = F3E35F5E12DA4A0E0078D65F /* image_DXT.c */; };
		F3E35F6912DA4A0E0078D65F /* image_helper.c in Sources */ = {isa = PBXBuildFile; fileRef = F3E35F6012DA4A0E0078D65F /* image_helper.c */; };
		F3E35F6A12DA4A0E0078D65F /* SOIL.c in Sources */ = {isa = PBXBuildFile; fileRef = F3E35F6212DA4A0E0078D65F /* SOIL.c */; };
		F3E35F6B12DA4A0E0078D65F /* stb_image_aug.c in Sources */ = {isa = PBXBuildFile; fileRef = F3E35F6412DA4A0E0078D65F /* stb_image_aug.c */; };
		F3E35FA912DA555E0078D65F /* game.cpp in Sources */ = {isa = PBXBuildFile; fileRef = F3E35FA812DA555E0078D65F /* game.cpp */; };
/* End PBXBuildFile section */

/* Begin PBXFileReference section */
		E2BEAC9B12E20D1A004C439E /* los.h */ = {isa = PBXFileReference; fileEncoding = 4; lastKnownFileType = sourcecode.c.h; path = los.h; sourceTree = "<group>"; };
		E2BEAC9C12E20D1A004C439E /* los.cpp */ = {isa = PBXFileReference; fileEncoding = 4; lastKnownFileType = sourcecode.cpp.cpp; path = los.cpp; sourceTree = "<group>"; };
		E2BEACB812E2196C004C439E /* guard.h */ = {isa = PBXFileReference; fileEncoding = 4; lastKnownFileType = sourcecode.c.h; path = guard.h; sourceTree = "<group>"; xcLanguageSpecificationIdentifier = xcode.lang.cpp; };
		E2BEACB912E2196C004C439E /* guard.cpp */ = {isa = PBXFileReference; fileEncoding = 4; lastKnownFileType = sourcecode.cpp.cpp; path = guard.cpp; sourceTree = "<group>"; };
		F3409E0D12D81AD4005240F1 /* XcodeGLUT.app */ = {isa = PBXFileReference; explicitFileType = wrapper.application; includeInIndex = 0; path = XcodeGLUT.app; sourceTree = BUILT_PRODUCTS_DIR; };
		F3409E1012D81AD4005240F1 /* XcodeGLUT-Info.plist */ = {isa = PBXFileReference; lastKnownFileType = text.plist.xml; path = "XcodeGLUT-Info.plist"; sourceTree = "<group>"; };
		F3409E1512D81B6A005240F1 /* GLUT.framework */ = {isa = PBXFileReference; lastKnownFileType = wrapper.framework; name = GLUT.framework; path = /System/Library/Frameworks/GLUT.framework; sourceTree = "<absolute>"; };
		F3409E1712D81B6A005240F1 /* OpenGL.framework */ = {isa = PBXFileReference; lastKnownFileType = wrapper.framework; name = OpenGL.framework; path = /System/Library/Frameworks/OpenGL.framework; sourceTree = "<absolute>"; };
		F3409E1F12D81BB5005240F1 /* main.h */ = {isa = PBXFileReference; fileEncoding = 4; lastKnownFileType = sourcecode.c.h; path = main.h; sourceTree = "<group>"; };
		F3409E2012D81BB5005240F1 /* main.cpp */ = {isa = PBXFileReference; fileEncoding = 4; lastKnownFileType = sourcecode.cpp.cpp; path = main.cpp; sourceTree = "<group>"; };
		F367739312DCF55000367F02 /* zone.h */ = {isa = PBXFileReference; fileEncoding = 4; lastKnownFileType = sourcecode.c.h; path = zone.h; sourceTree = "<group>"; };
		F367739412DCF55000367F02 /* zone.cpp */ = {isa = PBXFileReference; fileEncoding = 4; lastKnownFileType = sourcecode.cpp.cpp; path = zone.cpp; sourceTree = "<group>"; };
		F367739612DCF5C400367F02 /* quadrant.h */ = {isa = PBXFileReference; fileEncoding = 4; lastKnownFileType = sourcecode.c.h; path = quadrant.h; sourceTree = "<group>"; };
		F367739712DCF5C400367F02 /* quadrant.cpp */ = {isa = PBXFileReference; fileEncoding = 4; lastKnownFileType = sourcecode.cpp.cpp; path = quadrant.cpp; sourceTree = "<group>"; };
		F367739912DCF60600367F02 /* tiles.h */ = {isa = PBXFileReference; fileEncoding = 4; lastKnownFileType = sourcecode.c.h; path = tiles.h; sourceTree = "<group>"; };
		F367739A12DCF60600367F02 /* tiles.cpp */ = {isa = PBXFileReference; fileEncoding = 4; lastKnownFileType = sourcecode.cpp.cpp; path = tiles.cpp; sourceTree = "<group>"; };
		F367739E12DCF64A00367F02 /* tile_defines.h */ = {isa = PBXFileReference; fileEncoding = 4; lastKnownFileType = sourcecode.c.h; path = tile_defines.h; sourceTree = "<group>"; };
		F367739F12DCF6BA00367F02 /* sprite_data.h */ = {isa = PBXFileReference; fileEncoding = 4; lastKnownFileType = sourcecode.c.h; path = sprite_data.h; sourceTree = "<group>"; };
		F36773A012DCF6BA00367F02 /* sprite_data.cpp */ = {isa = PBXFileReference; fileEncoding = 4; lastKnownFileType = sourcecode.cpp.cpp; path = sprite_data.cpp; sourceTree = "<group>"; };
		F3E35BA612D958C30078D65F /* sprite.h */ = {isa = PBXFileReference; fileEncoding = 4; lastKnownFileType = sourcecode.c.h; path = sprite.h; sourceTree = "<group>"; };
		F3E35BA712D958C30078D65F /* sprite.cpp */ = {isa = PBXFileReference; fileEncoding = 4; lastKnownFileType = sourcecode.cpp.cpp; path = sprite.cpp; sourceTree = "<group>"; };
		F3E35C2F12D96F3F0078D65F /* input.h */ = {isa = PBXFileReference; fileEncoding = 4; lastKnownFileType = sourcecode.c.h; path = input.h; sourceTree = "<group>"; };
		F3E35C3012D96F3F0078D65F /* input.cpp */ = {isa = PBXFileReference; fileEncoding = 4; lastKnownFileType = sourcecode.cpp.cpp; path = input.cpp; sourceTree = "<group>"; };
		F3E35F5E12DA4A0E0078D65F /* image_DXT.c */ = {isa = PBXFileReference; fileEncoding = 4; lastKnownFileType = sourcecode.c.c; path = image_DXT.c; sourceTree = "<group>"; };
		F3E35F5F12DA4A0E0078D65F /* image_DXT.h */ = {isa = PBXFileReference; fileEncoding = 4; lastKnownFileType = sourcecode.c.h; path = image_DXT.h; sourceTree = "<group>"; };
		F3E35F6012DA4A0E0078D65F /* image_helper.c */ = {isa = PBXFileReference; fileEncoding = 4; lastKnownFileType = sourcecode.c.c; path = image_helper.c; sourceTree = "<group>"; };
		F3E35F6112DA4A0E0078D65F /* image_helper.h */ = {isa = PBXFileReference; fileEncoding = 4; lastKnownFileType = sourcecode.c.h; path = image_helper.h; sourceTree = "<group>"; };
		F3E35F6212DA4A0E0078D65F /* SOIL.c */ = {isa = PBXFileReference; fileEncoding = 4; lastKnownFileType = sourcecode.c.c; path = SOIL.c; sourceTree = "<group>"; };
		F3E35F6312DA4A0E0078D65F /* SOIL.h */ = {isa = PBXFileReference; fileEncoding = 4; lastKnownFileType = sourcecode.c.h; path = SOIL.h; sourceTree = "<group>"; };
		F3E35F6412DA4A0E0078D65F /* stb_image_aug.c */ = {isa = PBXFileReference; fileEncoding = 4; lastKnownFileType = sourcecode.c.c; path = stb_image_aug.c; sourceTree = "<group>"; };
		F3E35F6512DA4A0E0078D65F /* stb_image_aug.h */ = {isa = PBXFileReference; fileEncoding = 4; lastKnownFileType = sourcecode.c.h; path = stb_image_aug.h; sourceTree = "<group>"; };
		F3E35F6612DA4A0E0078D65F /* stbi_DDS_aug_c.h */ = {isa = PBXFileReference; fileEncoding = 4; lastKnownFileType = sourcecode.c.h; path = stbi_DDS_aug_c.h; sourceTree = "<group>"; };
		F3E35F6712DA4A0E0078D65F /* stbi_DDS_aug.h */ = {isa = PBXFileReference; fileEncoding = 4; lastKnownFileType = sourcecode.c.h; path = stbi_DDS_aug.h; sourceTree = "<group>"; };
		F3E35FA712DA555E0078D65F /* game.h */ = {isa = PBXFileReference; fileEncoding = 4; lastKnownFileType = sourcecode.c.h; path = game.h; sourceTree = "<group>"; };
		F3E35FA812DA555E0078D65F /* game.cpp */ = {isa = PBXFileReference; fileEncoding = 4; lastKnownFileType = sourcecode.cpp.cpp; path = game.cpp; sourceTree = "<group>"; };
/* End PBXFileReference section */

/* Begin PBXFrameworksBuildPhase section */
		F3409E0B12D81AD4005240F1 /* Frameworks */ = {
			isa = PBXFrameworksBuildPhase;
			buildActionMask = 2147483647;
			files = (
				F3409E1612D81B6A005240F1 /* GLUT.framework in Frameworks */,
				F3409E1812D81B6A005240F1 /* OpenGL.framework in Frameworks */,
			);
			runOnlyForDeploymentPostprocessing = 0;
		};
/* End PBXFrameworksBuildPhase section */

/* Begin PBXGroup section */
		F3409DFD12D81AA8005240F1 = {
			isa = PBXGroup;
			children = (
				E2BEACB812E2196C004C439E /* guard.h */,
				E2BEACB912E2196C004C439E /* guard.cpp */,
				F3E35F7112DA4A420078D65F /* SOIL */,
				F3E35C2F12D96F3F0078D65F /* input.h */,
				F3E35C3012D96F3F0078D65F /* input.cpp */,
				F3E35BA612D958C30078D65F /* sprite.h */,
				F3E35BA712D958C30078D65F /* sprite.cpp */,
				F3409E0E12D81AD4005240F1 /* Products */,
				F3409E1012D81AD4005240F1 /* XcodeGLUT-Info.plist */,
				F3409E1512D81B6A005240F1 /* GLUT.framework */,
				F3409E1712D81B6A005240F1 /* OpenGL.framework */,
				F3409E1F12D81BB5005240F1 /* main.h */,
				F3409E2012D81BB5005240F1 /* main.cpp */,
				F3E35FA712DA555E0078D65F /* game.h */,
				F3E35FA812DA555E0078D65F /* game.cpp */,
				F367739312DCF55000367F02 /* zone.h */,
				F367739412DCF55000367F02 /* zone.cpp */,
				F367739612DCF5C400367F02 /* quadrant.h */,
				F367739712DCF5C400367F02 /* quadrant.cpp */,
				F367739912DCF60600367F02 /* tiles.h */,
				F367739A12DCF60600367F02 /* tiles.cpp */,
				F367739E12DCF64A00367F02 /* tile_defines.h */,
				F367739F12DCF6BA00367F02 /* sprite_data.h */,
				F36773A012DCF6BA00367F02 /* sprite_data.cpp */,
				E2BEAC9B12E20D1A004C439E /* los.h */,
				E2BEAC9C12E20D1A004C439E /* los.cpp */,
			);
			sourceTree = "<group>";
		};
		F3409E0E12D81AD4005240F1 /* Products */ = {
			isa = PBXGroup;
			children = (
				F3409E0D12D81AD4005240F1 /* XcodeGLUT.app */,
			);
			name = Products;
			sourceTree = "<group>";
		};
		F3E35F7112DA4A420078D65F /* SOIL */ = {
			isa = PBXGroup;
			children = (
				F3E35F5E12DA4A0E0078D65F /* image_DXT.c */,
				F3E35F5F12DA4A0E0078D65F /* image_DXT.h */,
				F3E35F6012DA4A0E0078D65F /* image_helper.c */,
				F3E35F6112DA4A0E0078D65F /* image_helper.h */,
				F3E35F6212DA4A0E0078D65F /* SOIL.c */,
				F3E35F6312DA4A0E0078D65F /* SOIL.h */,
				F3E35F6412DA4A0E0078D65F /* stb_image_aug.c */,
				F3E35F6512DA4A0E0078D65F /* stb_image_aug.h */,
				F3E35F6612DA4A0E0078D65F /* stbi_DDS_aug_c.h */,
				F3E35F6712DA4A0E0078D65F /* stbi_DDS_aug.h */,
			);
			name = SOIL;
			sourceTree = "<group>";
		};
/* End PBXGroup section */

/* Begin PBXNativeTarget section */
		F3409E0C12D81AD4005240F1 /* XcodeGLUT */ = {
			isa = PBXNativeTarget;
			buildConfigurationList = F3409E1312D81AD5005240F1 /* Build configuration list for PBXNativeTarget "XcodeGLUT" */;
			buildPhases = (
				F3409E0912D81AD4005240F1 /* Resources */,
				F3409E0A12D81AD4005240F1 /* Sources */,
				F3409E0B12D81AD4005240F1 /* Frameworks */,
			);
			buildRules = (
			);
			dependencies = (
			);
			name = XcodeGLUT;
			productName = XcodeGLUT;
			productReference = F3409E0D12D81AD4005240F1 /* XcodeGLUT.app */;
			productType = "com.apple.product-type.application";
		};
/* End PBXNativeTarget section */

/* Begin PBXProject section */
		F3409DFF12D81AA8005240F1 /* Project object */ = {
			isa = PBXProject;
			buildConfigurationList = F3409E0212D81AA8005240F1 /* Build configuration list for PBXProject "gltest" */;
			compatibilityVersion = "Xcode 2.4";
			hasScannedForEncodings = 0;
			mainGroup = F3409DFD12D81AA8005240F1;
			productRefGroup = F3409E0E12D81AD4005240F1 /* Products */;
			projectDirPath = "";
			projectRoot = "";
			targets = (
				F3409E0C12D81AD4005240F1 /* XcodeGLUT */,
			);
		};
/* End PBXProject section */

/* Begin PBXResourcesBuildPhase section */
		F3409E0912D81AD4005240F1 /* Resources */ = {
			isa = PBXResourcesBuildPhase;
			buildActionMask = 2147483647;
			files = (
			);
			runOnlyForDeploymentPostprocessing = 0;
		};
/* End PBXResourcesBuildPhase section */

/* Begin PBXSourcesBuildPhase section */
		F3409E0A12D81AD4005240F1 /* Sources */ = {
			isa = PBXSourcesBuildPhase;
			buildActionMask = 2147483647;
			files = (
				F3409E2112D81BB5005240F1 /* main.cpp in Sources */,
				F3E35BA812D958C30078D65F /* sprite.cpp in Sources */,
				F3E35C3112D96F3F0078D65F /* input.cpp in Sources */,
				F3E35F6812DA4A0E0078D65F /* image_DXT.c in Sources */,
				F3E35F6912DA4A0E0078D65F /* image_helper.c in Sources */,
				F3E35F6A12DA4A0E0078D65F /* SOIL.c in Sources */,
				F3E35F6B12DA4A0E0078D65F /* stb_image_aug.c in Sources */,
				F3E35FA912DA555E0078D65F /* game.cpp in Sources */,
				F367739512DCF55000367F02 /* zone.cpp in Sources */,
				F367739812DCF5C400367F02 /* quadrant.cpp in Sources */,
				F367739B12DCF60600367F02 /* tiles.cpp in Sources */,
				F36773A112DCF6BA00367F02 /* sprite_data.cpp in Sources */,
				E2BEAC9D12E20D1A004C439E /* los.cpp in Sources */,
				E2BEACBA12E2196C004C439E /* guard.cpp in Sources */,
			);
			runOnlyForDeploymentPostprocessing = 0;
		};
/* End PBXSourcesBuildPhase section */

/* Begin XCBuildConfiguration section */
		F3409E0012D81AA8005240F1 /* Debug */ = {
			isa = XCBuildConfiguration;
			buildSettings = {
				COPY_PHASE_STRIP = NO;
			};
			name = Debug;
		};
		F3409E0112D81AA8005240F1 /* Release */ = {
			isa = XCBuildConfiguration;
			buildSettings = {
				COPY_PHASE_STRIP = YES;
			};
			name = Release;
		};
		F3409E1112D81AD5005240F1 /* Debug */ = {
			isa = XCBuildConfiguration;
			buildSettings = {
				ALWAYS_SEARCH_USER_PATHS = NO;
				COPY_PHASE_STRIP = NO;
				GCC_DYNAMIC_NO_PIC = NO;
				GCC_ENABLE_FIX_AND_CONTINUE = YES;
				GCC_MODEL_TUNING = G5;
				GCC_OPTIMIZATION_LEVEL = 0;
				GCC_PRECOMPILE_PREFIX_HEADER = YES;
				GCC_PREFIX_HEADER = "";
				INFOPLIST_FILE = "XcodeGLUT-Info.plist";
				INSTALL_PATH = "$(HOME)/Applications";
				OTHER_LDFLAGS = (
					"-framework",
					Foundation,
					"-framework",
					AppKit,
				);
				PREBINDING = NO;
				PRODUCT_NAME = XcodeGLUT;
			};
			name = Debug;
		};
		F3409E1212D81AD5005240F1 /* Release */ = {
			isa = XCBuildConfiguration;
			buildSettings = {
				ALWAYS_SEARCH_USER_PATHS = NO;
				COPY_PHASE_STRIP = YES;
				DEBUG_INFORMATION_FORMAT = "dwarf-with-dsym";
				GCC_ENABLE_FIX_AND_CONTINUE = NO;
				GCC_MODEL_TUNING = G5;
				GCC_PRECOMPILE_PREFIX_HEADER = YES;
				GCC_PREFIX_HEADER = "$(SYSTEM_LIBRARY_DIR)/Frameworks/AppKit.framework/Headers/AppKit.h";
				INFOPLIST_FILE = "XcodeGLUT-Info.plist";
				INSTALL_PATH = "$(HOME)/Applications";
				OTHER_LDFLAGS = (
					"-framework",
					Foundation,
					"-framework",
					AppKit,
				);
				PREBINDING = NO;
				PRODUCT_NAME = XcodeGLUT;
				ZERO_LINK = NO;
			};
			name = Release;
		};
/* End XCBuildConfiguration section */

/* Begin XCConfigurationList section */
		F3409E0212D81AA8005240F1 /* Build configuration list for PBXProject "gltest" */ = {
			isa = XCConfigurationList;
			buildConfigurations = (
				F3409E0012D81AA8005240F1 /* Debug */,
				F3409E0112D81AA8005240F1 /* Release */,
			);
			defaultConfigurationIsVisible = 0;
			defaultConfigurationName = Release;
		};
		F3409E1312D81AD5005240F1 /* Build configuration list for PBXNativeTarget "XcodeGLUT" */ = {
			isa = XCConfigurationList;
			buildConfigurations = (
				F3409E1112D81AD5005240F1 /* Debug */,
				F3409E1212D81AD5005240F1 /* Release */,
			);
			defaultConfigurationIsVisible = 0;
			defaultConfigurationName = Release;
		};
/* End XCConfigurationList section */
	};
	rootObject = F3409DFF12D81AA8005240F1 /* Project object */;
}
