// !$*UTF8*$!
{
	archiveVersion = 1;
	classes = {
	};
	objectVersion = 42;
	objects = {

/* Begin PBXBuildFile section */
		E2BEAC9D12E20D1A004C439E /* los.cpp in Sources */ = {isa = PBXBuildFile; fileRef = E2BEAC9C12E20D1A004C439E /* los.cpp */; };
		E2BEACBA12E2196C004C439E /* guard.cpp in Sources */ = {isa = PBXBuildFile; fileRef = E2BEACB912E2196C004C439E /* guard.cpp */; };
		E2DD7CCC12F64F8200863ECB /* rotation.cpp in Sources */ = {isa = PBXBuildFile; fileRef = E2DD7CCB12F64F8200863ECB /* rotation.cpp */; };
		E2DD7CD712F6520700863ECB /* waypoints.cpp in Sources */ = {isa = PBXBuildFile; fileRef = E2DD7CD612F6520700863ECB /* waypoints.cpp */; };
		F304F0D712F47BD4007E09FD /* line.cpp in Sources */ = {isa = PBXBuildFile; fileRef = F304F0D512F47BD4007E09FD /* line.cpp */; };
		F3240EC512F799DE00535C1F /* buttonsprite.cpp in Sources */ = {isa = PBXBuildFile; fileRef = F3240EC412F799DE00535C1F /* buttonsprite.cpp */; };
		F3409E1612D81B6A005240F1 /* GLUT.framework in Frameworks */ = {isa = PBXBuildFile; fileRef = F3409E1512D81B6A005240F1 /* GLUT.framework */; };
		F3409E1812D81B6A005240F1 /* OpenGL.framework in Frameworks */ = {isa = PBXBuildFile; fileRef = F3409E1712D81B6A005240F1 /* OpenGL.framework */; };
		F3409E2112D81BB5005240F1 /* main.cpp in Sources */ = {isa = PBXBuildFile; fileRef = F3409E2012D81BB5005240F1 /* main.cpp */; };
		F343214812EC9A92004E248E /* player.cpp in Sources */ = {isa = PBXBuildFile; fileRef = F343214712EC9A92004E248E /* player.cpp */; };
		F367739512DCF55000367F02 /* zone.cpp in Sources */ = {isa = PBXBuildFile; fileRef = F367739412DCF55000367F02 /* zone.cpp */; };
		F367739812DCF5C400367F02 /* quadrant.cpp in Sources */ = {isa = PBXBuildFile; fileRef = F367739712DCF5C400367F02 /* quadrant.cpp */; };
		F367739B12DCF60600367F02 /* tiles.cpp in Sources */ = {isa = PBXBuildFile; fileRef = F367739A12DCF60600367F02 /* tiles.cpp */; };
		F36773A112DCF6BA00367F02 /* sprite_data.cpp in Sources */ = {isa = PBXBuildFile; fileRef = F36773A012DCF6BA00367F02 /* sprite_data.cpp */; };
		F374542C12F0861B00AD2049 /* spriteText.cpp in Sources */ = {isa = PBXBuildFile; fileRef = F374542B12F0861B00AD2049 /* spriteText.cpp */; };
		F374553712F0F63D00AD2049 /* textblurb.cpp in Sources */ = {isa = PBXBuildFile; fileRef = F374553612F0F63D00AD2049 /* textblurb.cpp */; };
		F374572E12F365EE00AD2049 /* game_map.cpp in Sources */ = {isa = PBXBuildFile; fileRef = F374572D12F365EE00AD2049 /* game_map.cpp */; };
		F382BD4812EB2805009D3146 /* text.cpp in Sources */ = {isa = PBXBuildFile; fileRef = F382BD4612EB2805009D3146 /* text.cpp */; };
		F382BD4E12EB4B7A009D3146 /* collision.cpp in Sources */ = {isa = PBXBuildFile; fileRef = F382BD4D12EB4B7A009D3146 /* collision.cpp */; };
		F3DE4B3712EC850600799246 /* OpenAL.framework in Frameworks */ = {isa = PBXBuildFile; fileRef = F3DE4B3612EC850600799246 /* OpenAL.framework */; };
		F3E35BA812D958C30078D65F /* sprite.cpp in Sources */ = {isa = PBXBuildFile; fileRef = F3E35BA712D958C30078D65F /* sprite.cpp */; };
		F3E35C3112D96F3F0078D65F /* input.cpp in Sources */ = {isa = PBXBuildFile; fileRef = F3E35C3012D96F3F0078D65F /* input.cpp */; };
		F3E35F6812DA4A0E0078D65F /* image_DXT.c in Sources */ = {isa = PBXBuildFile; fileRef = F3E35F5E12DA4A0E0078D65F /* image_DXT.c */; };
		F3E35F6912DA4A0E0078D65F /* image_helper.c in Sources */ = {isa = PBXBuildFile; fileRef = F3E35F6012DA4A0E0078D65F /* image_helper.c */; };
		F3E35F6A12DA4A0E0078D65F /* SOIL.c in Sources */ = {isa = PBXBuildFile; fileRef = F3E35F6212DA4A0E0078D65F /* SOIL.c */; };
		F3E35F6B12DA4A0E0078D65F /* stb_image_aug.c in Sources */ = {isa = PBXBuildFile; fileRef = F3E35F6412DA4A0E0078D65F /* stb_image_aug.c */; };
		F3E35FA912DA555E0078D65F /* game.cpp in Sources */ = {isa = PBXBuildFile; fileRef = F3E35FA812DA555E0078D65F /* game.cpp */; };
		F3EF746612F5C88D002E7129 /* HUD.cpp in Sources */ = {isa = PBXBuildFile; fileRef = F3EF746512F5C88D002E7129 /* HUD.cpp */; };
		F3EF751912F5EEB9002E7129 /* textAttributeReport.cpp in Sources */ = {isa = PBXBuildFile; fileRef = F3EF751812F5EEB9002E7129 /* textAttributeReport.cpp */; };
/* End PBXBuildFile section */

/* Begin PBXFileReference section */
		E2BEAC9B12E20D1A004C439E /* los.h */ = {isa = PBXFileReference; fileEncoding = 4; lastKnownFileType = sourcecode.c.h; path = los.h; sourceTree = "<group>"; };
		E2BEAC9C12E20D1A004C439E /* los.cpp */ = {isa = PBXFileReference; fileEncoding = 4; lastKnownFileType = sourcecode.cpp.cpp; path = los.cpp; sourceTree = "<group>"; };
		E2BEACB812E2196C004C439E /* guard.h */ = {isa = PBXFileReference; fileEncoding = 4; lastKnownFileType = sourcecode.c.h; path = guard.h; sourceTree = "<group>"; xcLanguageSpecificationIdentifier = xcode.lang.cpp; };
		E2BEACB912E2196C004C439E /* guard.cpp */ = {isa = PBXFileReference; fileEncoding = 4; lastKnownFileType = sourcecode.cpp.cpp; path = guard.cpp; sourceTree = "<group>"; };
		E2DD7CCA12F64F8200863ECB /* rotation.h */ = {isa = PBXFileReference; fileEncoding = 4; lastKnownFileType = sourcecode.c.h; path = rotation.h; sourceTree = "<group>"; };
		E2DD7CCB12F64F8200863ECB /* rotation.cpp */ = {isa = PBXFileReference; fileEncoding = 4; lastKnownFileType = sourcecode.cpp.cpp; path = rotation.cpp; sourceTree = "<group>"; };
		E2DD7CD512F6520700863ECB /* waypoints.h */ = {isa = PBXFileReference; fileEncoding = 4; lastKnownFileType = sourcecode.c.h; path = waypoints.h; sourceTree = "<group>"; };
		E2DD7CD612F6520700863ECB /* waypoints.cpp */ = {isa = PBXFileReference; fileEncoding = 4; lastKnownFileType = sourcecode.cpp.cpp; path = waypoints.cpp; sourceTree = "<group>"; };
		F304F0A812F4688D007E09FD /* sprite_defines.h */ = {isa = PBXFileReference; fileEncoding = 4; lastKnownFileType = sourcecode.c.h; path = sprite_defines.h; sourceTree = "<group>"; };
		F304F0D512F47BD4007E09FD /* line.cpp */ = {isa = PBXFileReference; fileEncoding = 4; lastKnownFileType = sourcecode.cpp.cpp; path = line.cpp; sourceTree = "<group>"; };
		F304F0D612F47BD4007E09FD /* line.h */ = {isa = PBXFileReference; fileEncoding = 4; lastKnownFileType = sourcecode.c.h; path = line.h; sourceTree = "<group>"; };
		F3240EC312F799DE00535C1F /* buttonsprite.h */ = {isa = PBXFileReference; fileEncoding = 4; lastKnownFileType = sourcecode.c.h; path = buttonsprite.h; sourceTree = "<group>"; };
		F3240EC412F799DE00535C1F /* buttonsprite.cpp */ = {isa = PBXFileReference; fileEncoding = 4; lastKnownFileType = sourcecode.cpp.cpp; path = buttonsprite.cpp; sourceTree = "<group>"; };
		F3240ED612F79E5B00535C1F /* button_defines.h */ = {isa = PBXFileReference; fileEncoding = 4; lastKnownFileType = sourcecode.c.h; path = button_defines.h; sourceTree = "<group>"; };
		F3409E0D12D81AD4005240F1 /* XcodeGLUT.app */ = {isa = PBXFileReference; explicitFileType = wrapper.application; includeInIndex = 0; path = XcodeGLUT.app; sourceTree = BUILT_PRODUCTS_DIR; };
		F3409E1012D81AD4005240F1 /* XcodeGLUT-Info.plist */ = {isa = PBXFileReference; lastKnownFileType = text.plist.xml; path = "XcodeGLUT-Info.plist"; sourceTree = "<group>"; };
		F3409E1512D81B6A005240F1 /* GLUT.framework */ = {isa = PBXFileReference; lastKnownFileType = wrapper.framework; name = GLUT.framework; path = /System/Library/Frameworks/GLUT.framework; sourceTree = "<absolute>"; };
		F3409E1712D81B6A005240F1 /* OpenGL.framework */ = {isa = PBXFileReference; lastKnownFileType = wrapper.framework; name = OpenGL.framework; path = /System/Library/Frameworks/OpenGL.framework; sourceTree = "<absolute>"; };
		F3409E1F12D81BB5005240F1 /* main.h */ = {isa = PBXFileReference; fileEncoding = 4; lastKnownFileType = sourcecode.c.h; path = main.h; sourceTree = "<group>"; };
		F3409E2012D81BB5005240F1 /* main.cpp */ = {isa = PBXFileReference; fileEncoding = 4; lastKnownFileType = sourcecode.cpp.cpp; path = main.cpp; sourceTree = "<group>"; };
		F343214612EC9A92004E248E /* player.h */ = {isa = PBXFileReference; fileEncoding = 4; lastKnownFileType = sourcecode.c.h; path = player.h; sourceTree = "<group>"; };
		F343214712EC9A92004E248E /* player.cpp */ = {isa = PBXFileReference; fileEncoding = 4; lastKnownFileType = sourcecode.cpp.cpp; path = player.cpp; sourceTree = "<group>"; };
		F343218412ECA697004E248E /* game_states.h */ = {isa = PBXFileReference; fileEncoding = 4; lastKnownFileType = sourcecode.c.h; path = game_states.h; sourceTree = "<group>"; };
		F367739312DCF55000367F02 /* zone.h */ = {isa = PBXFileReference; fileEncoding = 4; lastKnownFileType = sourcecode.c.h; path = zone.h; sourceTree = "<group>"; };
		F367739412DCF55000367F02 /* zone.cpp */ = {isa = PBXFileReference; fileEncoding = 4; lastKnownFileType = sourcecode.cpp.cpp; path = zone.cpp; sourceTree = "<group>"; };
		F367739612DCF5C400367F02 /* quadrant.h */ = {isa = PBXFileReference; fileEncoding = 4; lastKnownFileType = sourcecode.c.h; path = quadrant.h; sourceTree = "<group>"; };
		F367739712DCF5C400367F02 /* quadrant.cpp */ = {isa = PBXFileReference; fileEncoding = 4; lastKnownFileType = sourcecode.cpp.cpp; path = quadrant.cpp; sourceTree = "<group>"; };
		F367739912DCF60600367F02 /* tiles.h */ = {isa = PBXFileReference; fileEncoding = 4; lastKnownFileType = sourcecode.c.h; path = tiles.h; sourceTree = "<group>"; };
		F367739A12DCF60600367F02 /* tiles.cpp */ = {isa = PBXFileReference; fileEncoding = 4; lastKnownFileType = sourcecode.cpp.cpp; path = tiles.cpp; sourceTree = "<group>"; };
		F367739E12DCF64A00367F02 /* tile_defines.h */ = {isa = PBXFileReference; fileEncoding = 4; lastKnownFileType = sourcecode.c.h; path = tile_defines.h; sourceTree = "<group>"; };
		F367739F12DCF6BA00367F02 /* sprite_data.h */ = {isa = PBXFileReference; fileEncoding = 4; lastKnownFileType = sourcecode.c.h; path = sprite_data.h; sourceTree = "<group>"; };
		F36773A012DCF6BA00367F02 /* sprite_data.cpp */ = {isa = PBXFileReference; fileEncoding = 4; lastKnownFileType = sourcecode.cpp.cpp; path = sprite_data.cpp; sourceTree = "<group>"; };
		F374542A12F0861B00AD2049 /* spriteText.h */ = {isa = PBXFileReference; fileEncoding = 4; lastKnownFileType = sourcecode.c.h; path = spriteText.h; sourceTree = "<group>"; };
		F374542B12F0861B00AD2049 /* spriteText.cpp */ = {isa = PBXFileReference; fileEncoding = 4; lastKnownFileType = sourcecode.cpp.cpp; path = spriteText.cpp; sourceTree = "<group>"; };
		F374553512F0F63D00AD2049 /* textblurb.h */ = {isa = PBXFileReference; fileEncoding = 4; lastKnownFileType = sourcecode.c.h; path = textblurb.h; sourceTree = "<group>"; };
		F374553612F0F63D00AD2049 /* textblurb.cpp */ = {isa = PBXFileReference; fileEncoding = 4; lastKnownFileType = sourcecode.cpp.cpp; path = textblurb.cpp; sourceTree = "<group>"; };
		F374572C12F365EE00AD2049 /* game_map.h */ = {isa = PBXFileReference; fileEncoding = 4; lastKnownFileType = sourcecode.c.h; path = game_map.h; sourceTree = "<group>"; };
		F374572D12F365EE00AD2049 /* game_map.cpp */ = {isa = PBXFileReference; fileEncoding = 4; lastKnownFileType = sourcecode.cpp.cpp; path = game_map.cpp; sourceTree = "<group>"; };
		F382BD4612EB2805009D3146 /* text.cpp */ = {isa = PBXFileReference; fileEncoding = 4; lastKnownFileType = sourcecode.cpp.cpp; path = text.cpp; sourceTree = "<group>"; };
		F382BD4712EB2805009D3146 /* text.h */ = {isa = PBXFileReference; fileEncoding = 4; lastKnownFileType = sourcecode.c.h; path = text.h; sourceTree = "<group>"; };
		F382BD4C12EB4B7A009D3146 /* collision.h */ = {isa = PBXFileReference; fileEncoding = 4; lastKnownFileType = sourcecode.c.h; path = collision.h; sourceTree = "<group>"; };
		F382BD4D12EB4B7A009D3146 /* collision.cpp */ = {isa = PBXFileReference; fileEncoding = 4; lastKnownFileType = sourcecode.cpp.cpp; path = collision.cpp; sourceTree = "<group>"; };
		F382BD8512EB4E8A009D3146 /* drawable.h */ = {isa = PBXFileReference; fileEncoding = 4; lastKnownFileType = sourcecode.c.h; path = drawable.h; sourceTree = "<group>"; };
		F3DE4B3612EC850600799246 /* OpenAL.framework */ = {isa = PBXFileReference; lastKnownFileType = wrapper.framework; name = OpenAL.framework; path = /System/Library/Frameworks/OpenAL.framework; sourceTree = "<absolute>"; };
		F3E35BA612D958C30078D65F /* sprite.h */ = {isa = PBXFileReference; fileEncoding = 4; lastKnownFileType = sourcecode.c.h; path = sprite.h; sourceTree = "<group>"; };
		F3E35BA712D958C30078D65F /* sprite.cpp */ = {isa = PBXFileReference; fileEncoding = 4; lastKnownFileType = sourcecode.cpp.cpp; path = sprite.cpp; sourceTree = "<group>"; };
		F3E35C2F12D96F3F0078D65F /* input.h */ = {isa = PBXFileReference; fileEncoding = 4; lastKnownFileType = sourcecode.c.h; path = input.h; sourceTree = "<group>"; };
		F3E35C3012D96F3F0078D65F /* input.cpp */ = {isa = PBXFileReference; fileEncoding = 4; lastKnownFileType = sourcecode.cpp.cpp; path = input.cpp; sourceTree = "<group>"; };
		F3E35F5E12DA4A0E0078D65F /* image_DXT.c */ = {isa = PBXFileReference; fileEncoding = 4; lastKnownFileType = sourcecode.c.c; path = image_DXT.c; sourceTree = "<group>"; };
		F3E35F5F12DA4A0E0078D65F /* image_DXT.h */ = {isa = PBXFileReference; fileEncoding = 4; lastKnownFileType = sourcecode.c.h; path = image_DXT.h; sourceTree = "<group>"; };
		F3E35F6012DA4A0E0078D65F /* image_helper.c */ = {isa = PBXFileReference; fileEncoding = 4; lastKnownFileType = sourcecode.c.c; path = image_helper.c; sourceTree = "<group>"; };
		F3E35F6112DA4A0E0078D65F /* image_helper.h */ = {isa = PBXFileReference; fileEncoding = 4; lastKnownFileType = sourcecode.c.h; path = image_helper.h; sourceTree = "<group>"; };
		F3E35F6212DA4A0E0078D65F /* SOIL.c */ = {isa = PBXFileReference; fileEncoding = 4; lastKnownFileType = sourcecode.c.c; path = SOIL.c; sourceTree = "<group>"; };
		F3E35F6312DA4A0E0078D65F /* SOIL.h */ = {isa = PBXFileReference; fileEncoding = 4; lastKnownFileType = sourcecode.c.h; path = SOIL.h; sourceTree = "<group>"; };
		F3E35F6412DA4A0E0078D65F /* stb_image_aug.c */ = {isa = PBXFileReference; fileEncoding = 4; lastKnownFileType = sourcecode.c.c; path = stb_image_aug.c; sourceTree = "<group>"; };
		F3E35F6512DA4A0E0078D65F /* stb_image_aug.h */ = {isa = PBXFileReference; fileEncoding = 4; lastKnownFileType = sourcecode.c.h; path = stb_image_aug.h; sourceTree = "<group>"; };
		F3E35F6612DA4A0E0078D65F /* stbi_DDS_aug_c.h */ = {isa = PBXFileReference; fileEncoding = 4; lastKnownFileType = sourcecode.c.h; path = stbi_DDS_aug_c.h; sourceTree = "<group>"; };
		F3E35F6712DA4A0E0078D65F /* stbi_DDS_aug.h */ = {isa = PBXFileReference; fileEncoding = 4; lastKnownFileType = sourcecode.c.h; path = stbi_DDS_aug.h; sourceTree = "<group>"; };
		F3E35FA712DA555E0078D65F /* game.h */ = {isa = PBXFileReference; fileEncoding = 4; lastKnownFileType = sourcecode.c.h; path = game.h; sourceTree = "<group>"; };
		F3E35FA812DA555E0078D65F /* game.cpp */ = {isa = PBXFileReference; fileEncoding = 4; lastKnownFileType = sourcecode.cpp.cpp; path = game.cpp; sourceTree = "<group>"; };
		F3EF746412F5C88D002E7129 /* HUD.h */ = {isa = PBXFileReference; fileEncoding = 4; lastKnownFileType = sourcecode.c.h; path = HUD.h; sourceTree = "<group>"; };
		F3EF746512F5C88D002E7129 /* HUD.cpp */ = {isa = PBXFileReference; fileEncoding = 4; lastKnownFileType = sourcecode.cpp.cpp; path = HUD.cpp; sourceTree = "<group>"; };
		F3EF751712F5EEB9002E7129 /* textAttributeReport.h */ = {isa = PBXFileReference; fileEncoding = 4; lastKnownFileType = sourcecode.c.h; path = textAttributeReport.h; sourceTree = "<group>"; };
		F3EF751812F5EEB9002E7129 /* textAttributeReport.cpp */ = {isa = PBXFileReference; fileEncoding = 4; lastKnownFileType = sourcecode.cpp.cpp; path = textAttributeReport.cpp; sourceTree = "<group>"; };
/* End PBXFileReference section */

/* Begin PBXFrameworksBuildPhase section */
		F3409E0B12D81AD4005240F1 /* Frameworks */ = {
			isa = PBXFrameworksBuildPhase;
			buildActionMask = 2147483647;
			files = (
				F3409E1612D81B6A005240F1 /* GLUT.framework in Frameworks */,
				F3409E1812D81B6A005240F1 /* OpenGL.framework in Frameworks */,
				F3DE4B3712EC850600799246 /* OpenAL.framework in Frameworks */,
			);
			runOnlyForDeploymentPostprocessing = 0;
		};
/* End PBXFrameworksBuildPhase section */

/* Begin PBXGroup section */
		E2DD7CC612F64D5C00863ECB /* Physics */ = {
			isa = PBXGroup;
			children = (
				E2DD7CCA12F64F8200863ECB /* rotation.h */,
				E2DD7CCB12F64F8200863ECB /* rotation.cpp */,
				E2DD7CD512F6520700863ECB /* waypoints.h */,
				E2DD7CD612F6520700863ECB /* waypoints.cpp */,
			);
			name = Physics;
			sourceTree = "<group>";
		};
		F3240ECD12F79C9C00535C1F /* UI Elements */ = {
			isa = PBXGroup;
			children = (
				F3240ED612F79E5B00535C1F /* button_defines.h */,
				F3240EC312F799DE00535C1F /* buttonsprite.h */,
				F3240EC412F799DE00535C1F /* buttonsprite.cpp */,
			);
			name = "UI Elements";
			sourceTree = "<group>";
		};
		F3409DFD12D81AA8005240F1 = {
			isa = PBXGroup;
			children = (
				E2DD7CC612F64D5C00863ECB /* Physics */,
				F3EF742812F5C6B0002E7129 /* Collision */,
				F3E35F7112DA4A420078D65F /* SOIL */,
				F3EF745612F5C703002E7129 /* Maps */,
				F3EF745712F5C78F002E7129 /* Sprites */,
				F3EF745E12F5C7F2002E7129 /* Drawables */,
				F3EF745F12F5C80D002E7129 /* Input */,
				F3EF747F12F5CCD6002E7129 /* HUD */,
				F3409E1012D81AD4005240F1 /* XcodeGLUT-Info.plist */,
				F3409E2012D81BB5005240F1 /* main.cpp */,
				F3409E1F12D81BB5005240F1 /* main.h */,
				F3E35FA712DA555E0078D65F /* game.h */,
				F3E35FA812DA555E0078D65F /* game.cpp */,
				F343218412ECA697004E248E /* game_states.h */,
				F3409E0E12D81AD4005240F1 /* Products */,
				F3409E1712D81B6A005240F1 /* OpenGL.framework */,
				F3409E1512D81B6A005240F1 /* GLUT.framework */,
				F3DE4B3612EC850600799246 /* OpenAL.framework */,
			);
			sourceTree = "<group>";
		};
		F3409E0E12D81AD4005240F1 /* Products */ = {
			isa = PBXGroup;
			children = (
				F3409E0D12D81AD4005240F1 /* XcodeGLUT.app */,
			);
			name = Products;
			sourceTree = "<group>";
		};
		F3E35F7112DA4A420078D65F /* SOIL */ = {
			isa = PBXGroup;
			children = (
				F3E35F5F12DA4A0E0078D65F /* image_DXT.h */,
				F3E35F5E12DA4A0E0078D65F /* image_DXT.c */,
				F3E35F6012DA4A0E0078D65F /* image_helper.c */,
				F3E35F6112DA4A0E0078D65F /* image_helper.h */,
				F3E35F6212DA4A0E0078D65F /* SOIL.c */,
				F3E35F6312DA4A0E0078D65F /* SOIL.h */,
				F3E35F6412DA4A0E0078D65F /* stb_image_aug.c */,
				F3E35F6512DA4A0E0078D65F /* stb_image_aug.h */,
				F3E35F6612DA4A0E0078D65F /* stbi_DDS_aug_c.h */,
				F3E35F6712DA4A0E0078D65F /* stbi_DDS_aug.h */,
			);
			name = SOIL;
			sourceTree = "<group>";
		};
		F3EF742812F5C6B0002E7129 /* Collision */ = {
			isa = PBXGroup;
			children = (
				F304F0D512F47BD4007E09FD /* line.cpp */,
				F304F0D612F47BD4007E09FD /* line.h */,
				F382BD4C12EB4B7A009D3146 /* collision.h */,
				F382BD4D12EB4B7A009D3146 /* collision.cpp */,
			);
			name = Collision;
			sourceTree = "<group>";
		};
		F3EF745612F5C703002E7129 /* Maps */ = {
			isa = PBXGroup;
			children = (
				F374572D12F365EE00AD2049 /* game_map.cpp */,
				F374572C12F365EE00AD2049 /* game_map.h */,
				F367739312DCF55000367F02 /* zone.h */,
				F367739412DCF55000367F02 /* zone.cpp */,
				F367739612DCF5C400367F02 /* quadrant.h */,
				F367739712DCF5C400367F02 /* quadrant.cpp */,
				F367739912DCF60600367F02 /* tiles.h */,
				F367739A12DCF60600367F02 /* tiles.cpp */,
				F367739E12DCF64A00367F02 /* tile_defines.h */,
			);
			name = Maps;
			sourceTree = "<group>";
		};
		F3EF745712F5C78F002E7129 /* Sprites */ = {
			isa = PBXGroup;
			children = (
				F3EF746012F5C831002E7129 /* TextSprites */,
				F3EF746112F5C84B002E7129 /* DudeSprites */,
				F3240ECD12F79C9C00535C1F /* UI Elements */,
				F3E35BA612D958C30078D65F /* sprite.h */,
				F3E35BA712D958C30078D65F /* sprite.cpp */,
				F304F0A812F4688D007E09FD /* sprite_defines.h */,
				F367739F12DCF6BA00367F02 /* sprite_data.h */,
				F36773A012DCF6BA00367F02 /* sprite_data.cpp */,
			);
			name = Sprites;
			sourceTree = "<group>";
		};
		F3EF745E12F5C7F2002E7129 /* Drawables */ = {
			isa = PBXGroup;
			children = (
				F382BD4612EB2805009D3146 /* text.cpp */,
				F382BD4712EB2805009D3146 /* text.h */,
				F382BD8512EB4E8A009D3146 /* drawable.h */,
				E2BEAC9B12E20D1A004C439E /* los.h */,
				E2BEAC9C12E20D1A004C439E /* los.cpp */,
			);
			name = Drawables;
			sourceTree = "<group>";
		};
		F3EF745F12F5C80D002E7129 /* Input */ = {
			isa = PBXGroup;
			children = (
				F3E35C2F12D96F3F0078D65F /* input.h */,
				F3E35C3012D96F3F0078D65F /* input.cpp */,
			);
			name = Input;
			sourceTree = "<group>";
		};
		F3EF746012F5C831002E7129 /* TextSprites */ = {
			isa = PBXGroup;
			children = (
				F3EF751712F5EEB9002E7129 /* textAttributeReport.h */,
				F3EF751812F5EEB9002E7129 /* textAttributeReport.cpp */,
				F374542A12F0861B00AD2049 /* spriteText.h */,
				F374542B12F0861B00AD2049 /* spriteText.cpp */,
				F374553512F0F63D00AD2049 /* textblurb.h */,
				F374553612F0F63D00AD2049 /* textblurb.cpp */,
			);
			name = TextSprites;
			sourceTree = "<group>";
		};
		F3EF746112F5C84B002E7129 /* DudeSprites */ = {
			isa = PBXGroup;
			children = (
				E2BEACB812E2196C004C439E /* guard.h */,
				E2BEACB912E2196C004C439E /* guard.cpp */,
				F343214612EC9A92004E248E /* player.h */,
				F343214712EC9A92004E248E /* player.cpp */,
			);
			name = DudeSprites;
			sourceTree = "<group>";
		};
		F3EF747F12F5CCD6002E7129 /* HUD */ = {
			isa = PBXGroup;
			children = (
				F3EF746412F5C88D002E7129 /* HUD.h */,
				F3EF746512F5C88D002E7129 /* HUD.cpp */,
			);
			name = HUD;
			sourceTree = "<group>";
		};
/* End PBXGroup section */

/* Begin PBXNativeTarget section */
		F3409E0C12D81AD4005240F1 /* XcodeGLUT */ = {
			isa = PBXNativeTarget;
			buildConfigurationList = F3409E1312D81AD5005240F1 /* Build configuration list for PBXNativeTarget "XcodeGLUT" */;
			buildPhases = (
				F3409E0912D81AD4005240F1 /* Resources */,
				F3409E0A12D81AD4005240F1 /* Sources */,
				F3409E0B12D81AD4005240F1 /* Frameworks */,
			);
			buildRules = (
			);
			dependencies = (
			);
			name = XcodeGLUT;
			productName = XcodeGLUT;
			productReference = F3409E0D12D81AD4005240F1 /* XcodeGLUT.app */;
			productType = "com.apple.product-type.application";
		};
/* End PBXNativeTarget section */

/* Begin PBXProject section */
		F3409DFF12D81AA8005240F1 /* Project object */ = {
			isa = PBXProject;
			buildConfigurationList = F3409E0212D81AA8005240F1 /* Build configuration list for PBXProject "gltest" */;
			compatibilityVersion = "Xcode 2.4";
			hasScannedForEncodings = 0;
			mainGroup = F3409DFD12D81AA8005240F1;
			productRefGroup = F3409E0E12D81AD4005240F1 /* Products */;
			projectDirPath = "";
			projectRoot = "";
			targets = (
				F3409E0C12D81AD4005240F1 /* XcodeGLUT */,
			);
		};
/* End PBXProject section */

/* Begin PBXResourcesBuildPhase section */
		F3409E0912D81AD4005240F1 /* Resources */ = {
			isa = PBXResourcesBuildPhase;
			buildActionMask = 2147483647;
			files = (
			);
			runOnlyForDeploymentPostprocessing = 0;
		};
/* End PBXResourcesBuildPhase section */

/* Begin PBXSourcesBuildPhase section */
		F3409E0A12D81AD4005240F1 /* Sources */ = {
			isa = PBXSourcesBuildPhase;
			buildActionMask = 2147483647;
			files = (
				F3409E2112D81BB5005240F1 /* main.cpp in Sources */,
				F3E35BA812D958C30078D65F /* sprite.cpp in Sources */,
				F3E35C3112D96F3F0078D65F /* input.cpp in Sources */,
				F3E35F6812DA4A0E0078D65F /* image_DXT.c in Sources */,
				F3E35F6912DA4A0E0078D65F /* image_helper.c in Sources */,
				F3E35F6A12DA4A0E0078D65F /* SOIL.c in Sources */,
				F3E35F6B12DA4A0E0078D65F /* stb_image_aug.c in Sources */,
				F3E35FA912DA555E0078D65F /* game.cpp in Sources */,
				F367739512DCF55000367F02 /* zone.cpp in Sources */,
				F367739812DCF5C400367F02 /* quadrant.cpp in Sources */,
				F367739B12DCF60600367F02 /* tiles.cpp in Sources */,
				F36773A112DCF6BA00367F02 /* sprite_data.cpp in Sources */,
				E2BEAC9D12E20D1A004C439E /* los.cpp in Sources */,
				E2BEACBA12E2196C004C439E /* guard.cpp in Sources */,
				F382BD4812EB2805009D3146 /* text.cpp in Sources */,
				F382BD4E12EB4B7A009D3146 /* collision.cpp in Sources */,
				F343214812EC9A92004E248E /* player.cpp in Sources */,
				F374542C12F0861B00AD2049 /* spriteText.cpp in Sources */,
				F374553712F0F63D00AD2049 /* textblurb.cpp in Sources */,
				F374572E12F365EE00AD2049 /* game_map.cpp in Sources */,
				F304F0D712F47BD4007E09FD /* line.cpp in Sources */,
				F3EF746612F5C88D002E7129 /* HUD.cpp in Sources */,
				F3EF751912F5EEB9002E7129 /* textAttributeReport.cpp in Sources */,
				E2DD7CCC12F64F8200863ECB /* rotation.cpp in Sources */,
				E2DD7CD712F6520700863ECB /* waypoints.cpp in Sources */,
				F3240EC512F799DE00535C1F /* buttonsprite.cpp in Sources */,
			);
			runOnlyForDeploymentPostprocessing = 0;
		};
/* End PBXSourcesBuildPhase section */

/* Begin XCBuildConfiguration section */
		F3409E0012D81AA8005240F1 /* Debug */ = {
			isa = XCBuildConfiguration;
			buildSettings = {
				COPY_PHASE_STRIP = NO;
				FRAMEWORK_SEARCH_PATHS = $SDKROOT/System/Library/Frameworks/;
				GCC_PREPROCESSOR_DEFINITIONS = VISION_DEBUG;
				OTHER_CFLAGS = "";
			};
			name = Debug;
		};
		F3409E0112D81AA8005240F1 /* Release */ = {
			isa = XCBuildConfiguration;
			buildSettings = {
				COPY_PHASE_STRIP = YES;
				FRAMEWORK_SEARCH_PATHS = $SDKROOT/System/Library/Frameworks/;
			};
			name = Release;
		};
		F3409E1112D81AD5005240F1 /* Debug */ = {
			isa = XCBuildConfiguration;
			buildSettings = {
				ALWAYS_SEARCH_USER_PATHS = NO;
				COPY_PHASE_STRIP = NO;
				GCC_DYNAMIC_NO_PIC = NO;
				GCC_ENABLE_FIX_AND_CONTINUE = YES;
				GCC_MODEL_TUNING = G5;
				GCC_OPTIMIZATION_LEVEL = 0;
				GCC_PRECOMPILE_PREFIX_HEADER = YES;
				GCC_PREFIX_HEADER = "";
				INFOPLIST_FILE = "XcodeGLUT-Info.plist";
				INSTALL_PATH = "$(HOME)/Applications";
				OTHER_LDFLAGS = (
					"-framework",
					Foundation,
					"-framework",
					AppKit,
				);
				PREBINDING = NO;
				PRODUCT_NAME = XcodeGLUT;
			};
			name = Debug;
		};
		F3409E1212D81AD5005240F1 /* Release */ = {
			isa = XCBuildConfiguration;
			buildSettings = {
				ALWAYS_SEARCH_USER_PATHS = NO;
				COPY_PHASE_STRIP = YES;
				DEBUG_INFORMATION_FORMAT = "dwarf-with-dsym";
				GCC_ENABLE_FIX_AND_CONTINUE = NO;
				GCC_MODEL_TUNING = G5;
				GCC_PRECOMPILE_PREFIX_HEADER = YES;
				GCC_PREFIX_HEADER = "$(SYSTEM_LIBRARY_DIR)/Frameworks/AppKit.framework/Headers/AppKit.h";
				INFOPLIST_FILE = "XcodeGLUT-Info.plist";
				INSTALL_PATH = "$(HOME)/Applications";
				OTHER_LDFLAGS = (
					"-framework",
					Foundation,
					"-framework",
					AppKit,
				);
				PREBINDING = NO;
				PRODUCT_NAME = XcodeGLUT;
				ZERO_LINK = NO;
			};
			name = Release;
		};
/* End XCBuildConfiguration section */

/* Begin XCConfigurationList section */
		F3409E0212D81AA8005240F1 /* Build configuration list for PBXProject "gltest" */ = {
			isa = XCConfigurationList;
			buildConfigurations = (
				F3409E0012D81AA8005240F1 /* Debug */,
				F3409E0112D81AA8005240F1 /* Release */,
			);
			defaultConfigurationIsVisible = 0;
			defaultConfigurationName = Release;
		};
		F3409E1312D81AD5005240F1 /* Build configuration list for PBXNativeTarget "XcodeGLUT" */ = {
			isa = XCConfigurationList;
			buildConfigurations = (
				F3409E1112D81AD5005240F1 /* Debug */,
				F3409E1212D81AD5005240F1 /* Release */,
			);
			defaultConfigurationIsVisible = 0;
			defaultConfigurationName = Release;
		};
/* End XCConfigurationList section */
	};
	rootObject = F3409DFF12D81AA8005240F1 /* Project object */;
}
